
Microsoft Visual Studio Solution File, Format Version 12.00
# Visual Studio Version 17
VisualStudioVersion = 17.1.32328.378
MinimumVisualStudioVersion = 10.0.40219.1
Project("{9A19103F-16F7-4668-BE54-9A1E7A4F7556}") = "AgendaContactos", "AgendaContactos\AgendaContactos.csproj", "{6A31051D-0240-4B39-A89F-E7EBF49BB1F8}"
EndProject
Global
	GlobalSection(SolutionConfigurationPlatforms) = preSolution
		Debug|Any CPU = Debug|Any CPU
		Release|Any CPU = Release|Any CPU
	EndGlobalSection
	GlobalSection(ProjectConfigurationPlatforms) = postSolution
		{6A31051D-0240-4B39-A89F-E7EBF49BB1F8}.Debug|Any CPU.ActiveCfg = Debug|Any CPU
		{6A31051D-0240-4B39-A89F-E7EBF49BB1F8}.Debug|Any CPU.Build.0 = Debug|Any CPU
		{6A31051D-0240-4B39-A89F-E7EBF49BB1F8}.Release|Any CPU.ActiveCfg = Release|Any CPU
		{6A31051D-0240-4B39-A89F-E7EBF49BB1F8}.Release|Any CPU.Build.0 = Release|Any CPU
	EndGlobalSection
	GlobalSection(SolutionProperties) = preSolution
		HideSolutionNode = FALSE
	EndGlobalSection
	GlobalSection(ExtensibilityGlobals) = postSolution
		SolutionGuid = {6AA49F2D-0E4B-4504-B33B-D5BEA3B06956}
	EndGlobalSection
EndGlobal
